<?xml version="1.0" encoding="utf-8"?>
<Project ToolsVersion="4.0" xmlns="http://schemas.microsoft.com/developer/msbuild/2003">
  <ItemGroup>
    <Filter Include="ソース ファイル">
      <UniqueIdentifier>{4FC737F1-C7A5-4376-A066-2A32D752A2FF}</UniqueIdentifier>
      <Extensions>cpp;c;cc;cxx;c++;def;odl;idl;hpj;bat;asm;asmx</Extensions>
    </Filter>
    <Filter Include="ヘッダー ファイル">
      <UniqueIdentifier>{93995380-89BD-4b04-88EB-625FBE52EBFB}</UniqueIdentifier>
      <Extensions>h;hh;hpp;hxx;h++;hm;inl;inc;ipp;xsd</Extensions>
    </Filter>
    <Filter Include="リソース ファイル">
      <UniqueIdentifier>{67DA6AB6-F800-4c08-8B7A-83BB121AAD01}</UniqueIdentifier>
      <Extensions>rc;ico;cur;bmp;dlg;rc2;rct;bin;rgs;gif;jpg;jpeg;jpe;resx;tiff;tif;png;wav;mfcribbon-ms</Extensions>
    </Filter>
    <Filter Include="external">
      <UniqueIdentifier>{002e5044-8b84-4556-83ad-57e8034d128b}</UniqueIdentifier>
    </Filter>
    <Filter Include="external\tinyxml2">
      <UniqueIdentifier>{ce9e35df-6c99-4ff8-9530-beb63d19ac85}</UniqueIdentifier>
    </Filter>
    <Filter Include="external\imgui">
      <UniqueIdentifier>{7cc7f22f-ebb6-400b-b544-8288581f241e}</UniqueIdentifier>
    </Filter>
    <Filter Include="external\imiguizmo">
      <UniqueIdentifier>{b917a148-f8c8-40a5-8fa8-bde6ddfc8cf4}</UniqueIdentifier>
    </Filter>
    <Filter Include="external\asdx12">
      <UniqueIdentifier>{bee5efe4-fdc5-4366-ba95-e7a495adaba4}</UniqueIdentifier>
    </Filter>
    <Filter Include="external\meshoptimizer">
      <UniqueIdentifier>{f838e6c6-5f0b-4b3a-8678-aaa917179c17}</UniqueIdentifier>
    </Filter>
  </ItemGroup>
  <ItemGroup>
    <ClCompile Include="..\src\main.cpp">
      <Filter>ソース ファイル</Filter>
    </ClCompile>
    <ClCompile Include="..\src\App.cpp">
      <Filter>ソース ファイル</Filter>
    </ClCompile>
    <ClCompile Include="..\src\MeshExporter.cpp">
      <Filter>ソース ファイル</Filter>
    </ClCompile>
    <ClCompile Include="..\src\MaterialExporter.cpp">
      <Filter>ソース ファイル</Filter>
    </ClCompile>
    <ClCompile Include="..\external\tinyxml2\tinyxml2.cpp">
      <Filter>external\tinyxml2</Filter>
    </ClCompile>
    <ClCompile Include="..\external\imgui\imgui.cpp">
      <Filter>external\imgui</Filter>
    </ClCompile>
    <ClCompile Include="..\external\imgui\imgui_draw.cpp">
      <Filter>external\imgui</Filter>
    </ClCompile>
    <ClCompile Include="..\external\imgui\imgui_widgets.cpp">
      <Filter>external\imgui</Filter>
    </ClCompile>
    <ClCompile Include="..\external\imguizmo\ImCurveEdit.cpp">
      <Filter>external\imiguizmo</Filter>
    </ClCompile>
    <ClCompile Include="..\external\imguizmo\ImGradient.cpp">
      <Filter>external\imiguizmo</Filter>
    </ClCompile>
    <ClCompile Include="..\external\imguizmo\ImGuizmo.cpp">
      <Filter>external\imiguizmo</Filter>
    </ClCompile>
    <ClCompile Include="..\external\imguizmo\ImSequencer.cpp">
      <Filter>external\imiguizmo</Filter>
    </ClCompile>
    <ClCompile Include="..\..\asdx12\src\asdxEditParam.cpp">
      <Filter>external\asdx12</Filter>
    </ClCompile>
    <ClCompile Include="..\..\asdx12\src\asdxGuiMgr.cpp">
      <Filter>external\asdx12</Filter>
    </ClCompile>
    <ClCompile Include="..\src\AppExport.cpp">
      <Filter>ソース ファイル</Filter>
    </ClCompile>
    <ClCompile Include="..\src\AppGui.cpp">
      <Filter>ソース ファイル</Filter>
    </ClCompile>
    <ClCompile Include="..\src\AppMeshDraw.cpp">
      <Filter>ソース ファイル</Filter>
    </ClCompile>
    <ClCompile Include="..\src\EditorModel.cpp">
      <Filter>ソース ファイル</Filter>
    </ClCompile>
    <ClCompile Include="..\src\EditorShader.cpp">
      <Filter>ソース ファイル</Filter>
    </ClCompile>
    <ClCompile Include="..\src\EditorMaterial.cpp">
      <Filter>ソース ファイル</Filter>
    </ClCompile>
    <ClCompile Include="..\src\MeshLoader.cpp">
      <Filter>ソース ファイル</Filter>
    </ClCompile>
    <ClCompile Include="..\external\meshoptimizer\src\allocator.cpp">
      <Filter>external\meshoptimizer</Filter>
    </ClCompile>
    <ClCompile Include="..\external\meshoptimizer\src\clusterizer.cpp">
      <Filter>external\meshoptimizer</Filter>
    </ClCompile>
    <ClCompile Include="..\external\meshoptimizer\src\indexcodec.cpp">
      <Filter>external\meshoptimizer</Filter>
    </ClCompile>
    <ClCompile Include="..\external\meshoptimizer\src\indexgenerator.cpp">
      <Filter>external\meshoptimizer</Filter>
    </ClCompile>
    <ClCompile Include="..\external\meshoptimizer\src\overdrawanalyzer.cpp">
      <Filter>external\meshoptimizer</Filter>
    </ClCompile>
    <ClCompile Include="..\external\meshoptimizer\src\overdrawoptimizer.cpp">
      <Filter>external\meshoptimizer</Filter>
    </ClCompile>
    <ClCompile Include="..\external\meshoptimizer\src\simplifier.cpp">
      <Filter>external\meshoptimizer</Filter>
    </ClCompile>
    <ClCompile Include="..\external\meshoptimizer\src\spatialorder.cpp">
      <Filter>external\meshoptimizer</Filter>
    </ClCompile>
    <ClCompile Include="..\external\meshoptimizer\src\stripifier.cpp">
      <Filter>external\meshoptimizer</Filter>
    </ClCompile>
    <ClCompile Include="..\external\meshoptimizer\src\vcacheanalyzer.cpp">
      <Filter>external\meshoptimizer</Filter>
    </ClCompile>
    <ClCompile Include="..\external\meshoptimizer\src\vcacheoptimizer.cpp">
      <Filter>external\meshoptimizer</Filter>
    </ClCompile>
    <ClCompile Include="..\external\meshoptimizer\src\vertexcodec.cpp">
      <Filter>external\meshoptimizer</Filter>
    </ClCompile>
    <ClCompile Include="..\external\meshoptimizer\src\vertexfilter.cpp">
      <Filter>external\meshoptimizer</Filter>
    </ClCompile>
    <ClCompile Include="..\external\meshoptimizer\src\vfetchanalyzer.cpp">
      <Filter>external\meshoptimizer</Filter>
    </ClCompile>
    <ClCompile Include="..\external\meshoptimizer\src\vfetchoptimizer.cpp">
      <Filter>external\meshoptimizer</Filter>
    </ClCompile>
  </ItemGroup>
  <ItemGroup>
    <ClInclude Include="..\include\App.h">
      <Filter>ヘッダー ファイル</Filter>
    </ClInclude>
    <ClInclude Include="..\include\MeshExporter.h">
      <Filter>ヘッダー ファイル</Filter>
    </ClInclude>
    <ClInclude Include="..\include\MaterialExporter.h">
      <Filter>ヘッダー ファイル</Filter>
    </ClInclude>
    <ClInclude Include="..\external\tinyxml2\tinyxml2.h">
      <Filter>external\tinyxml2</Filter>
    </ClInclude>
    <ClInclude Include="..\external\imgui\imconfig.h">
      <Filter>external\imgui</Filter>
    </ClInclude>
    <ClInclude Include="..\external\imgui\imgui.h">
      <Filter>external\imgui</Filter>
    </ClInclude>
    <ClInclude Include="..\external\imgui\imgui_internal.h">
      <Filter>external\imgui</Filter>
    </ClInclude>
    <ClInclude Include="..\external\imgui\imstb_rectpack.h">
      <Filter>external\imgui</Filter>
    </ClInclude>
    <ClInclude Include="..\external\imgui\imstb_textedit.h">
      <Filter>external\imgui</Filter>
    </ClInclude>
    <ClInclude Include="..\external\imgui\imstb_truetype.h">
      <Filter>external\imgui</Filter>
    </ClInclude>
    <ClInclude Include="..\external\imguizmo\ImCurveEdit.h">
      <Filter>external\imiguizmo</Filter>
    </ClInclude>
    <ClInclude Include="..\external\imguizmo\ImGradient.h">
      <Filter>external\imiguizmo</Filter>
    </ClInclude>
    <ClInclude Include="..\external\imguizmo\ImGuizmo.h">
      <Filter>external\imiguizmo</Filter>
    </ClInclude>
    <ClInclude Include="..\external\imguizmo\ImSequencer.h">
      <Filter>external\imiguizmo</Filter>
    </ClInclude>
    <ClInclude Include="..\..\asdx12\include\asdxEditParam.h">
      <Filter>external\asdx12</Filter>
    </ClInclude>
    <ClInclude Include="..\..\asdx12\include\asdxGuiMgr.h">
      <Filter>external\asdx12</Filter>
    </ClInclude>
    <ClInclude Include="..\include\EditorModel.h">
      <Filter>ヘッダー ファイル</Filter>
    </ClInclude>
    <ClInclude Include="..\include\EditorMaterial.h">
      <Filter>ヘッダー ファイル</Filter>
    </ClInclude>
    <ClInclude Include="..\include\EditorShader.h">
      <Filter>ヘッダー ファイル</Filter>
    </ClInclude>
    <ClInclude Include="..\include\MeshLoader.h">
      <Filter>ヘッダー ファイル</Filter>
    </ClInclude>
    <ClInclude Include="..\external\meshoptimizer\src\meshoptimizer.h">
      <Filter>external\meshoptimizer</Filter>
    </ClInclude>
  </ItemGroup>
  <ItemGroup>
    <None Include="packages.config" />
  </ItemGroup>
</Project>