
Microsoft Visual Studio Solution File, Format Version 12.00
# Visual Studio Version 17
VisualStudioVersion = 17.2.32519.379
MinimumVisualStudioVersion = 10.0.40219.1
Project("{8BC9CEB8-8B4A-11D0-8D11-00A0C91BC942}") = "MaterialEditor", "MaterialEditor.vcxproj", "{8240A17D-93BF-4590-A5FC-24BA77351555}"
EndProject
Project("{8BC9CEB8-8B4A-11D0-8D11-00A0C91BC942}") = "asdx_2022", "..\..\asdx11\project\asdx_2022.vcxproj", "{67B58761-5030-4192-98E8-B13E86A33C87}"
EndProject
Project("{8BC9CEB8-8B4A-11D0-8D11-00A0C91BC942}") = "asdx_edit_2022", "..\..\asdx11\project\asdx_edit_2022.vcxproj", "{1ED9D121-BF18-49D2-8C94-A194C4BB70CE}"
EndProject
Global
	GlobalSection(SolutionConfigurationPlatforms) = preSolution
		Debug|x64 = Debug|x64
		Debug|x86 = Debug|x86
		Release|x64 = Release|x64
		Release|x86 = Release|x86
	EndGlobalSection
	GlobalSection(ProjectConfigurationPlatforms) = postSolution
		{8240A17D-93BF-4590-A5FC-24BA77351555}.Debug|x64.ActiveCfg = Debug|x64
		{8240A17D-93BF-4590-A5FC-24BA77351555}.Debug|x64.Build.0 = Debug|x64
		{8240A17D-93BF-4590-A5FC-24BA77351555}.Debug|x86.ActiveCfg = Debug|x64
		{8240A17D-93BF-4590-A5FC-24BA77351555}.Release|x64.ActiveCfg = Release|x64
		{8240A17D-93BF-4590-A5FC-24BA77351555}.Release|x64.Build.0 = Release|x64
		{8240A17D-93BF-4590-A5FC-24BA77351555}.Release|x86.ActiveCfg = Release|x64
		{67B58761-5030-4192-98E8-B13E86A33C87}.Debug|x64.ActiveCfg = Debug|x64
		{67B58761-5030-4192-98E8-B13E86A33C87}.Debug|x64.Build.0 = Debug|x64
		{67B58761-5030-4192-98E8-B13E86A33C87}.Debug|x86.ActiveCfg = Debug|x64
		{67B58761-5030-4192-98E8-B13E86A33C87}.Debug|x86.Build.0 = Debug|x64
		{67B58761-5030-4192-98E8-B13E86A33C87}.Release|x64.ActiveCfg = Release|x64
		{67B58761-5030-4192-98E8-B13E86A33C87}.Release|x64.Build.0 = Release|x64
		{67B58761-5030-4192-98E8-B13E86A33C87}.Release|x86.ActiveCfg = Release|x64
		{67B58761-5030-4192-98E8-B13E86A33C87}.Release|x86.Build.0 = Release|x64
		{1ED9D121-BF18-49D2-8C94-A194C4BB70CE}.Debug|x64.ActiveCfg = Debug|x64
		{1ED9D121-BF18-49D2-8C94-A194C4BB70CE}.Debug|x64.Build.0 = Debug|x64
		{1ED9D121-BF18-49D2-8C94-A194C4BB70CE}.Debug|x86.ActiveCfg = Debug|x64
		{1ED9D121-BF18-49D2-8C94-A194C4BB70CE}.Debug|x86.Build.0 = Debug|x64
		{1ED9D121-BF18-49D2-8C94-A194C4BB70CE}.Release|x64.ActiveCfg = Release|x64
		{1ED9D121-BF18-49D2-8C94-A194C4BB70CE}.Release|x64.Build.0 = Release|x64
		{1ED9D121-BF18-49D2-8C94-A194C4BB70CE}.Release|x86.ActiveCfg = Release|x64
		{1ED9D121-BF18-49D2-8C94-A194C4BB70CE}.Release|x86.Build.0 = Release|x64
	EndGlobalSection
	GlobalSection(SolutionProperties) = preSolution
		HideSolutionNode = FALSE
	EndGlobalSection
	GlobalSection(ExtensibilityGlobals) = postSolution
		SolutionGuid = {2A05D959-D91B-4877-ADCB-B4631B28680A}
	EndGlobalSection
EndGlobal
